{
  "name": "eslint-config-wolox-vue",
  "version": "1.0.5",
  "lockfileVersion": 1,
  "requires": true,
  "dependencies": {
    "eslint-config-wolox": {
      "version": "2.0.6",
      "resolved": "https://registry.npmjs.org/eslint-config-wolox/-/eslint-config-wolox-2.0.6.tgz",
      "integrity": "sha512-J+urR6h0JubD/PNbKOZAh/4c+7m7S+Aeprz7OZP2fnQMhDhZIZ8I3YTgzXpf3YVQQB42DU4HCPYyZXaoMnKYYw==",
      "dev": true
    }
  }
}
